
Microsoft Visual Studio Solution File, Format Version 12.00
# Visual Studio 15
VisualStudioVersion = 15.0.28010.2048
MinimumVisualStudioVersion = 10.0.40219.1
Project("{FAE04EC0-301F-11D3-BF4B-00C04F79EFBC}") = "LockScreen", "LockScreen\LockScreen.csproj", "{C4A5C4B4-D2AE-434F-B037-5EF8C56FF104}"
EndProject
Global
	GlobalSection(SolutionConfigurationPlatforms) = preSolution
		Debug|Any CPU = Debug|Any CPU
		Release|Any CPU = Release|Any CPU
	EndGlobalSection
	GlobalSection(ProjectConfigurationPlatforms) = postSolution
		{C4A5C4B4-D2AE-434F-B037-5EF8C56FF104}.Debug|Any CPU.ActiveCfg = Debug|Any CPU
		{C4A5C4B4-D2AE-434F-B037-5EF8C56FF104}.Debug|Any CPU.Build.0 = Debug|Any CPU
		{C4A5C4B4-D2AE-434F-B037-5EF8C56FF104}.Release|Any CPU.ActiveCfg = Release|Any CPU
		{C4A5C4B4-D2AE-434F-B037-5EF8C56FF104}.Release|Any CPU.Build.0 = Release|Any CPU
	EndGlobalSection
	GlobalSection(SolutionProperties) = preSolution
		HideSolutionNode = FALSE
	EndGlobalSection
	GlobalSection(ExtensibilityGlobals) = postSolution
		SolutionGuid = {AC3FCE02-4C57-4226-A156-8B40674C9429}
	EndGlobalSection
EndGlobal
